
Microsoft Visual Studio Solution File, Format Version 12.00
# Visual Studio Version 17
VisualStudioVersion = 17.5.002.0
MinimumVisualStudioVersion = 10.0.40219.1
Project("{9A19103F-16F7-4668-BE54-9A1E7A4F7556}") = "ders2", "ders2\ders2.csproj", "{9D5975B6-9543-4C0B-B01D-F9C96D8781BC}"
EndProject
Project("{2150E333-8FDC-42A3-9474-1A3956D46DE8}") = "bin", "bin", "{F170F7F6-5D4D-4F3D-B6DC-4D0B099E5715}"
EndProject
Project("{2150E333-8FDC-42A3-9474-1A3956D46DE8}") = "Debug", "Debug", "{268626BF-D862-4B15-BE7B-C879E0EC781D}"
EndProject
Project("{9A19103F-16F7-4668-BE54-9A1E7A4F7556}") = "FULL_STACK_WEB_LESSON1", "bin\Debug\net8.0\FULL_STACK_WEB_LESSON1.csproj", "{64D86F11-D448-4152-B9AB-B944C29F9B97}"
EndProject
Global
	GlobalSection(SolutionConfigurationPlatforms) = preSolution
		Debug|Any CPU = Debug|Any CPU
		Release|Any CPU = Release|Any CPU
	EndGlobalSection
	GlobalSection(ProjectConfigurationPlatforms) = postSolution
		{9D5975B6-9543-4C0B-B01D-F9C96D8781BC}.Debug|Any CPU.ActiveCfg = Debug|Any CPU
		{9D5975B6-9543-4C0B-B01D-F9C96D8781BC}.Debug|Any CPU.Build.0 = Debug|Any CPU
		{9D5975B6-9543-4C0B-B01D-F9C96D8781BC}.Release|Any CPU.ActiveCfg = Release|Any CPU
		{9D5975B6-9543-4C0B-B01D-F9C96D8781BC}.Release|Any CPU.Build.0 = Release|Any CPU
		{64D86F11-D448-4152-B9AB-B944C29F9B97}.Debug|Any CPU.ActiveCfg = Debug|Any CPU
		{64D86F11-D448-4152-B9AB-B944C29F9B97}.Debug|Any CPU.Build.0 = Debug|Any CPU
		{64D86F11-D448-4152-B9AB-B944C29F9B97}.Release|Any CPU.ActiveCfg = Release|Any CPU
		{64D86F11-D448-4152-B9AB-B944C29F9B97}.Release|Any CPU.Build.0 = Release|Any CPU
	EndGlobalSection
	GlobalSection(SolutionProperties) = preSolution
		HideSolutionNode = FALSE
	EndGlobalSection
	GlobalSection(NestedProjects) = preSolution
		{268626BF-D862-4B15-BE7B-C879E0EC781D} = {F170F7F6-5D4D-4F3D-B6DC-4D0B099E5715}
		{64D86F11-D448-4152-B9AB-B944C29F9B97} = {268626BF-D862-4B15-BE7B-C879E0EC781D}
	EndGlobalSection
	GlobalSection(ExtensibilityGlobals) = postSolution
		SolutionGuid = {B93CA553-31F0-4EB1-A359-D8DCC02A0A56}
	EndGlobalSection
EndGlobal
